
Microsoft Visual Studio Solution File, Format Version 12.00
# Visual Studio 15
VisualStudioVersion = 15.0.26730.16
MinimumVisualStudioVersion = 10.0.40219.1
Project("{FAE04EC0-301F-11D3-BF4B-00C04F79EFBC}") = "PEBakery", "PEBakery\PEBakery.csproj", "{D6224DCE-02D5-4005-88FB-00A8E00CACE1}"
EndProject
Project("{FAE04EC0-301F-11D3-BF4B-00C04F79EFBC}") = "Launcher", "Launcher\Launcher.csproj", "{DD6AF70C-7AA4-49EE-BF7D-E4583D52B767}"
EndProject
Project("{FAE04EC0-301F-11D3-BF4B-00C04F79EFBC}") = "PEBakery.Tests", "PEBakery.Tests\PEBakery.Tests.csproj", "{6C82656D-3413-4E49-88A5-D60E48DE3BEB}"
EndProject
Project("{FAE04EC0-301F-11D3-BF4B-00C04F79EFBC}") = "ZLibWrapper", "ZLibWrapper\ZLibWrapper.csproj", "{3DB2119C-1D72-48E8-8FF9-D6A4657B65F5}"
EndProject
Global
	GlobalSection(SolutionConfigurationPlatforms) = preSolution
		Debug|Any CPU = Debug|Any CPU
		Debug|x64 = Debug|x64
		Debug|x86 = Debug|x86
		Release|Any CPU = Release|Any CPU
		Release|x64 = Release|x64
		Release|x86 = Release|x86
	EndGlobalSection
	GlobalSection(ProjectConfigurationPlatforms) = postSolution
		{D6224DCE-02D5-4005-88FB-00A8E00CACE1}.Debug|Any CPU.ActiveCfg = Debug|Any CPU
		{D6224DCE-02D5-4005-88FB-00A8E00CACE1}.Debug|Any CPU.Build.0 = Debug|Any CPU
		{D6224DCE-02D5-4005-88FB-00A8E00CACE1}.Debug|x64.ActiveCfg = Debug|Any CPU
		{D6224DCE-02D5-4005-88FB-00A8E00CACE1}.Debug|x64.Build.0 = Debug|Any CPU
		{D6224DCE-02D5-4005-88FB-00A8E00CACE1}.Debug|x86.ActiveCfg = Debug|Any CPU
		{D6224DCE-02D5-4005-88FB-00A8E00CACE1}.Debug|x86.Build.0 = Debug|Any CPU
		{D6224DCE-02D5-4005-88FB-00A8E00CACE1}.Release|Any CPU.ActiveCfg = Release|Any CPU
		{D6224DCE-02D5-4005-88FB-00A8E00CACE1}.Release|Any CPU.Build.0 = Release|Any CPU
		{D6224DCE-02D5-4005-88FB-00A8E00CACE1}.Release|x64.ActiveCfg = Release|Any CPU
		{D6224DCE-02D5-4005-88FB-00A8E00CACE1}.Release|x64.Build.0 = Release|Any CPU
		{D6224DCE-02D5-4005-88FB-00A8E00CACE1}.Release|x86.ActiveCfg = Release|Any CPU
		{D6224DCE-02D5-4005-88FB-00A8E00CACE1}.Release|x86.Build.0 = Release|Any CPU
		{DD6AF70C-7AA4-49EE-BF7D-E4583D52B767}.Debug|Any CPU.ActiveCfg = Debug|Any CPU
		{DD6AF70C-7AA4-49EE-BF7D-E4583D52B767}.Debug|Any CPU.Build.0 = Debug|Any CPU
		{DD6AF70C-7AA4-49EE-BF7D-E4583D52B767}.Debug|x64.ActiveCfg = Debug|Any CPU
		{DD6AF70C-7AA4-49EE-BF7D-E4583D52B767}.Debug|x64.Build.0 = Debug|Any CPU
		{DD6AF70C-7AA4-49EE-BF7D-E4583D52B767}.Debug|x86.ActiveCfg = Debug|Any CPU
		{DD6AF70C-7AA4-49EE-BF7D-E4583D52B767}.Debug|x86.Build.0 = Debug|Any CPU
		{DD6AF70C-7AA4-49EE-BF7D-E4583D52B767}.Release|Any CPU.ActiveCfg = Release|Any CPU
		{DD6AF70C-7AA4-49EE-BF7D-E4583D52B767}.Release|Any CPU.Build.0 = Release|Any CPU
		{DD6AF70C-7AA4-49EE-BF7D-E4583D52B767}.Release|x64.ActiveCfg = Release|Any CPU
		{DD6AF70C-7AA4-49EE-BF7D-E4583D52B767}.Release|x64.Build.0 = Release|Any CPU
		{DD6AF70C-7AA4-49EE-BF7D-E4583D52B767}.Release|x86.ActiveCfg = Release|Any CPU
		{DD6AF70C-7AA4-49EE-BF7D-E4583D52B767}.Release|x86.Build.0 = Release|Any CPU
		{6C82656D-3413-4E49-88A5-D60E48DE3BEB}.Debug|Any CPU.ActiveCfg = Debug|Any CPU
		{6C82656D-3413-4E49-88A5-D60E48DE3BEB}.Debug|Any CPU.Build.0 = Debug|Any CPU
		{6C82656D-3413-4E49-88A5-D60E48DE3BEB}.Debug|x64.ActiveCfg = Debug|Any CPU
		{6C82656D-3413-4E49-88A5-D60E48DE3BEB}.Debug|x64.Build.0 = Debug|Any CPU
		{6C82656D-3413-4E49-88A5-D60E48DE3BEB}.Debug|x86.ActiveCfg = Debug|Any CPU
		{6C82656D-3413-4E49-88A5-D60E48DE3BEB}.Debug|x86.Build.0 = Debug|Any CPU
		{6C82656D-3413-4E49-88A5-D60E48DE3BEB}.Release|Any CPU.ActiveCfg = Release|Any CPU
		{6C82656D-3413-4E49-88A5-D60E48DE3BEB}.Release|Any CPU.Build.0 = Release|Any CPU
		{6C82656D-3413-4E49-88A5-D60E48DE3BEB}.Release|x64.ActiveCfg = Release|Any CPU
		{6C82656D-3413-4E49-88A5-D60E48DE3BEB}.Release|x64.Build.0 = Release|Any CPU
		{6C82656D-3413-4E49-88A5-D60E48DE3BEB}.Release|x86.ActiveCfg = Release|Any CPU
		{6C82656D-3413-4E49-88A5-D60E48DE3BEB}.Release|x86.Build.0 = Release|Any CPU
		{3DB2119C-1D72-48E8-8FF9-D6A4657B65F5}.Debug|Any CPU.ActiveCfg = Debug|Any CPU
		{3DB2119C-1D72-48E8-8FF9-D6A4657B65F5}.Debug|Any CPU.Build.0 = Debug|Any CPU
		{3DB2119C-1D72-48E8-8FF9-D6A4657B65F5}.Debug|x64.ActiveCfg = Debug|Any CPU
		{3DB2119C-1D72-48E8-8FF9-D6A4657B65F5}.Debug|x64.Build.0 = Debug|Any CPU
		{3DB2119C-1D72-48E8-8FF9-D6A4657B65F5}.Debug|x86.ActiveCfg = Debug|Any CPU
		{3DB2119C-1D72-48E8-8FF9-D6A4657B65F5}.Debug|x86.Build.0 = Debug|Any CPU
		{3DB2119C-1D72-48E8-8FF9-D6A4657B65F5}.Release|Any CPU.ActiveCfg = Release|Any CPU
		{3DB2119C-1D72-48E8-8FF9-D6A4657B65F5}.Release|Any CPU.Build.0 = Release|Any CPU
		{3DB2119C-1D72-48E8-8FF9-D6A4657B65F5}.Release|x64.ActiveCfg = Release|Any CPU
		{3DB2119C-1D72-48E8-8FF9-D6A4657B65F5}.Release|x64.Build.0 = Release|Any CPU
		{3DB2119C-1D72-48E8-8FF9-D6A4657B65F5}.Release|x86.ActiveCfg = Release|Any CPU
		{3DB2119C-1D72-48E8-8FF9-D6A4657B65F5}.Release|x86.Build.0 = Release|Any CPU
	EndGlobalSection
	GlobalSection(SolutionProperties) = preSolution
		HideSolutionNode = FALSE
	EndGlobalSection
	GlobalSection(ExtensibilityGlobals) = postSolution
		SolutionGuid = {D05914EA-6EDD-408A-9D64-BE2D4F3F9E2E}
	EndGlobalSection
EndGlobal
