
Microsoft Visual Studio Solution File, Format Version 12.00
# Visual Studio 15
VisualStudioVersion = 15.0.26228.9
MinimumVisualStudioVersion = 10.0.40219.1
Project("{FAE04EC0-301F-11D3-BF4B-00C04F79EFBC}") = "PEBakery-Legacy", "PEBakery-Legacy\PEBakery-Legacy.csproj", "{800F7A11-8A3B-4B09-A957-CE0B5A6BB2AC}"
EndProject
Project("{FAE04EC0-301F-11D3-BF4B-00C04F79EFBC}") = "CommandTest", "CommandTest\CommandTest.csproj", "{259EC20E-F6E5-4D71-BA44-AD5D65A8BE12}"
EndProject
Project("{FAE04EC0-301F-11D3-BF4B-00C04F79EFBC}") = "PEBakery-WPF", "PEBakery-WPF\PEBakery-WPF.csproj", "{D6224DCE-02D5-4005-88FB-00A8E00CACE1}"
EndProject
Global
	GlobalSection(SolutionConfigurationPlatforms) = preSolution
		Debug|Any CPU = Debug|Any CPU
		Debug|x64 = Debug|x64
		Debug|x86 = Debug|x86
		Release|Any CPU = Release|Any CPU
		Release|x64 = Release|x64
		Release|x86 = Release|x86
	EndGlobalSection
	GlobalSection(ProjectConfigurationPlatforms) = postSolution
		{800F7A11-8A3B-4B09-A957-CE0B5A6BB2AC}.Debug|Any CPU.ActiveCfg = Debug|Any CPU
		{800F7A11-8A3B-4B09-A957-CE0B5A6BB2AC}.Debug|x64.ActiveCfg = Debug|Any CPU
		{800F7A11-8A3B-4B09-A957-CE0B5A6BB2AC}.Debug|x64.Build.0 = Debug|Any CPU
		{800F7A11-8A3B-4B09-A957-CE0B5A6BB2AC}.Debug|x86.ActiveCfg = Debug|Any CPU
		{800F7A11-8A3B-4B09-A957-CE0B5A6BB2AC}.Debug|x86.Build.0 = Debug|Any CPU
		{800F7A11-8A3B-4B09-A957-CE0B5A6BB2AC}.Release|Any CPU.ActiveCfg = Release|Any CPU
		{800F7A11-8A3B-4B09-A957-CE0B5A6BB2AC}.Release|Any CPU.Build.0 = Release|Any CPU
		{800F7A11-8A3B-4B09-A957-CE0B5A6BB2AC}.Release|x64.ActiveCfg = Release|Any CPU
		{800F7A11-8A3B-4B09-A957-CE0B5A6BB2AC}.Release|x64.Build.0 = Release|Any CPU
		{800F7A11-8A3B-4B09-A957-CE0B5A6BB2AC}.Release|x86.ActiveCfg = Release|Any CPU
		{800F7A11-8A3B-4B09-A957-CE0B5A6BB2AC}.Release|x86.Build.0 = Release|Any CPU
		{259EC20E-F6E5-4D71-BA44-AD5D65A8BE12}.Debug|Any CPU.ActiveCfg = Debug|Any CPU
		{259EC20E-F6E5-4D71-BA44-AD5D65A8BE12}.Debug|x64.ActiveCfg = Debug|Any CPU
		{259EC20E-F6E5-4D71-BA44-AD5D65A8BE12}.Debug|x64.Build.0 = Debug|Any CPU
		{259EC20E-F6E5-4D71-BA44-AD5D65A8BE12}.Debug|x86.ActiveCfg = Debug|Any CPU
		{259EC20E-F6E5-4D71-BA44-AD5D65A8BE12}.Debug|x86.Build.0 = Debug|Any CPU
		{259EC20E-F6E5-4D71-BA44-AD5D65A8BE12}.Release|Any CPU.ActiveCfg = Release|Any CPU
		{259EC20E-F6E5-4D71-BA44-AD5D65A8BE12}.Release|Any CPU.Build.0 = Release|Any CPU
		{259EC20E-F6E5-4D71-BA44-AD5D65A8BE12}.Release|x64.ActiveCfg = Release|Any CPU
		{259EC20E-F6E5-4D71-BA44-AD5D65A8BE12}.Release|x64.Build.0 = Release|Any CPU
		{259EC20E-F6E5-4D71-BA44-AD5D65A8BE12}.Release|x86.ActiveCfg = Release|Any CPU
		{259EC20E-F6E5-4D71-BA44-AD5D65A8BE12}.Release|x86.Build.0 = Release|Any CPU
		{D6224DCE-02D5-4005-88FB-00A8E00CACE1}.Debug|Any CPU.ActiveCfg = Debug|Any CPU
		{D6224DCE-02D5-4005-88FB-00A8E00CACE1}.Debug|Any CPU.Build.0 = Debug|Any CPU
		{D6224DCE-02D5-4005-88FB-00A8E00CACE1}.Debug|x64.ActiveCfg = Debug|Any CPU
		{D6224DCE-02D5-4005-88FB-00A8E00CACE1}.Debug|x64.Build.0 = Debug|Any CPU
		{D6224DCE-02D5-4005-88FB-00A8E00CACE1}.Debug|x86.ActiveCfg = Debug|Any CPU
		{D6224DCE-02D5-4005-88FB-00A8E00CACE1}.Debug|x86.Build.0 = Debug|Any CPU
		{D6224DCE-02D5-4005-88FB-00A8E00CACE1}.Release|Any CPU.ActiveCfg = Release|Any CPU
		{D6224DCE-02D5-4005-88FB-00A8E00CACE1}.Release|Any CPU.Build.0 = Release|Any CPU
		{D6224DCE-02D5-4005-88FB-00A8E00CACE1}.Release|x64.ActiveCfg = Release|Any CPU
		{D6224DCE-02D5-4005-88FB-00A8E00CACE1}.Release|x64.Build.0 = Release|Any CPU
		{D6224DCE-02D5-4005-88FB-00A8E00CACE1}.Release|x86.ActiveCfg = Release|Any CPU
		{D6224DCE-02D5-4005-88FB-00A8E00CACE1}.Release|x86.Build.0 = Release|Any CPU
	EndGlobalSection
	GlobalSection(SolutionProperties) = preSolution
		HideSolutionNode = FALSE
	EndGlobalSection
EndGlobal
