
Microsoft Visual Studio Solution File, Format Version 12.00
# Visual Studio 15
VisualStudioVersion = 15.0.27130.2010
MinimumVisualStudioVersion = 10.0.40219.1
Project("{FAE04EC0-301F-11D3-BF4B-00C04F79EFBC}") = "PEBakery", "PEBakery\PEBakery.csproj", "{D6224DCE-02D5-4005-88FB-00A8E00CACE1}"
EndProject
Project("{FAE04EC0-301F-11D3-BF4B-00C04F79EFBC}") = "Launcher", "Launcher\Launcher.csproj", "{DD6AF70C-7AA4-49EE-BF7D-E4583D52B767}"
EndProject
Project("{FAE04EC0-301F-11D3-BF4B-00C04F79EFBC}") = "PEBakery.Tests", "PEBakery.Tests\PEBakery.Tests.csproj", "{6C82656D-3413-4E49-88A5-D60E48DE3BEB}"
EndProject
Project("{FAE04EC0-301F-11D3-BF4B-00C04F79EFBC}") = "PEBakery.CabLib", "PEBakery.CabLib\PEBakery.CabLib.csproj", "{D3D90156-0A5C-467B-8DCC-A8A50BFD529C}"
EndProject
Project("{FAE04EC0-301F-11D3-BF4B-00C04F79EFBC}") = "PEBakery.CabLib.Tests", "PEBakery.CabLib.Tests\PEBakery.CabLib.Tests.csproj", "{3B8C7889-A2BE-496D-802E-1EA3451B325C}"
EndProject
Project("{FAE04EC0-301F-11D3-BF4B-00C04F79EFBC}") = "PEBakery.IniLib.Tests", "PEBakery.IniLib.Tests\PEBakery.IniLib.Tests.csproj", "{18F8E497-F76A-48DF-A7E2-F4FA958F99F7}"
EndProject
Project("{FAE04EC0-301F-11D3-BF4B-00C04F79EFBC}") = "PEBakery.IniLib", "PEBakery.IniLib\PEBakery.IniLib.csproj", "{03434187-ACFC-497D-A86A-8DBEDA80C21C}"
EndProject
Project("{FAE04EC0-301F-11D3-BF4B-00C04F79EFBC}") = "PEBakery.TreeLib", "PEBakery.TreeLib\PEBakery.TreeLib.csproj", "{3C311891-F34A-45DF-AC6F-1CAF4F3FF33C}"
EndProject
Project("{FAE04EC0-301F-11D3-BF4B-00C04F79EFBC}") = "ManagedWimLib", "ManagedWimLib\ManagedWimLib.csproj", "{73BDCA22-081D-489E-95E7-A02A6778BB7C}"
EndProject
Project("{FAE04EC0-301F-11D3-BF4B-00C04F79EFBC}") = "ManagedWimLib.Tests", "ManagedWimLib.Tests\ManagedWimLib.Tests.csproj", "{5CC90FF4-728C-4C4D-B5A4-A4B27D3DF0C5}"
EndProject
Global
	GlobalSection(SolutionConfigurationPlatforms) = preSolution
		Debug|Any CPU = Debug|Any CPU
		Debug|x64 = Debug|x64
		Debug|x86 = Debug|x86
		Release|Any CPU = Release|Any CPU
		Release|x64 = Release|x64
		Release|x86 = Release|x86
	EndGlobalSection
	GlobalSection(ProjectConfigurationPlatforms) = postSolution
		{D6224DCE-02D5-4005-88FB-00A8E00CACE1}.Debug|Any CPU.ActiveCfg = Debug|Any CPU
		{D6224DCE-02D5-4005-88FB-00A8E00CACE1}.Debug|Any CPU.Build.0 = Debug|Any CPU
		{D6224DCE-02D5-4005-88FB-00A8E00CACE1}.Debug|x64.ActiveCfg = Debug|Any CPU
		{D6224DCE-02D5-4005-88FB-00A8E00CACE1}.Debug|x64.Build.0 = Debug|Any CPU
		{D6224DCE-02D5-4005-88FB-00A8E00CACE1}.Debug|x86.ActiveCfg = Debug|Any CPU
		{D6224DCE-02D5-4005-88FB-00A8E00CACE1}.Debug|x86.Build.0 = Debug|Any CPU
		{D6224DCE-02D5-4005-88FB-00A8E00CACE1}.Release|Any CPU.ActiveCfg = Release|Any CPU
		{D6224DCE-02D5-4005-88FB-00A8E00CACE1}.Release|Any CPU.Build.0 = Release|Any CPU
		{D6224DCE-02D5-4005-88FB-00A8E00CACE1}.Release|x64.ActiveCfg = Release|Any CPU
		{D6224DCE-02D5-4005-88FB-00A8E00CACE1}.Release|x64.Build.0 = Release|Any CPU
		{D6224DCE-02D5-4005-88FB-00A8E00CACE1}.Release|x86.ActiveCfg = Release|Any CPU
		{D6224DCE-02D5-4005-88FB-00A8E00CACE1}.Release|x86.Build.0 = Release|Any CPU
		{DD6AF70C-7AA4-49EE-BF7D-E4583D52B767}.Debug|Any CPU.ActiveCfg = Debug|Any CPU
		{DD6AF70C-7AA4-49EE-BF7D-E4583D52B767}.Debug|Any CPU.Build.0 = Debug|Any CPU
		{DD6AF70C-7AA4-49EE-BF7D-E4583D52B767}.Debug|x64.ActiveCfg = Debug|Any CPU
		{DD6AF70C-7AA4-49EE-BF7D-E4583D52B767}.Debug|x64.Build.0 = Debug|Any CPU
		{DD6AF70C-7AA4-49EE-BF7D-E4583D52B767}.Debug|x86.ActiveCfg = Debug|Any CPU
		{DD6AF70C-7AA4-49EE-BF7D-E4583D52B767}.Debug|x86.Build.0 = Debug|Any CPU
		{DD6AF70C-7AA4-49EE-BF7D-E4583D52B767}.Release|Any CPU.ActiveCfg = Release|Any CPU
		{DD6AF70C-7AA4-49EE-BF7D-E4583D52B767}.Release|Any CPU.Build.0 = Release|Any CPU
		{DD6AF70C-7AA4-49EE-BF7D-E4583D52B767}.Release|x64.ActiveCfg = Release|Any CPU
		{DD6AF70C-7AA4-49EE-BF7D-E4583D52B767}.Release|x64.Build.0 = Release|Any CPU
		{DD6AF70C-7AA4-49EE-BF7D-E4583D52B767}.Release|x86.ActiveCfg = Release|Any CPU
		{DD6AF70C-7AA4-49EE-BF7D-E4583D52B767}.Release|x86.Build.0 = Release|Any CPU
		{6C82656D-3413-4E49-88A5-D60E48DE3BEB}.Debug|Any CPU.ActiveCfg = Debug|Any CPU
		{6C82656D-3413-4E49-88A5-D60E48DE3BEB}.Debug|Any CPU.Build.0 = Debug|Any CPU
		{6C82656D-3413-4E49-88A5-D60E48DE3BEB}.Debug|x64.ActiveCfg = Debug|Any CPU
		{6C82656D-3413-4E49-88A5-D60E48DE3BEB}.Debug|x64.Build.0 = Debug|Any CPU
		{6C82656D-3413-4E49-88A5-D60E48DE3BEB}.Debug|x86.ActiveCfg = Debug|Any CPU
		{6C82656D-3413-4E49-88A5-D60E48DE3BEB}.Debug|x86.Build.0 = Debug|Any CPU
		{6C82656D-3413-4E49-88A5-D60E48DE3BEB}.Release|Any CPU.ActiveCfg = Release|Any CPU
		{6C82656D-3413-4E49-88A5-D60E48DE3BEB}.Release|Any CPU.Build.0 = Release|Any CPU
		{6C82656D-3413-4E49-88A5-D60E48DE3BEB}.Release|x64.ActiveCfg = Release|Any CPU
		{6C82656D-3413-4E49-88A5-D60E48DE3BEB}.Release|x64.Build.0 = Release|Any CPU
		{6C82656D-3413-4E49-88A5-D60E48DE3BEB}.Release|x86.ActiveCfg = Release|Any CPU
		{6C82656D-3413-4E49-88A5-D60E48DE3BEB}.Release|x86.Build.0 = Release|Any CPU
		{D3D90156-0A5C-467B-8DCC-A8A50BFD529C}.Debug|Any CPU.ActiveCfg = Debug|Any CPU
		{D3D90156-0A5C-467B-8DCC-A8A50BFD529C}.Debug|Any CPU.Build.0 = Debug|Any CPU
		{D3D90156-0A5C-467B-8DCC-A8A50BFD529C}.Debug|x64.ActiveCfg = Debug|Any CPU
		{D3D90156-0A5C-467B-8DCC-A8A50BFD529C}.Debug|x64.Build.0 = Debug|Any CPU
		{D3D90156-0A5C-467B-8DCC-A8A50BFD529C}.Debug|x86.ActiveCfg = Debug|Any CPU
		{D3D90156-0A5C-467B-8DCC-A8A50BFD529C}.Debug|x86.Build.0 = Debug|Any CPU
		{D3D90156-0A5C-467B-8DCC-A8A50BFD529C}.Release|Any CPU.ActiveCfg = Release|Any CPU
		{D3D90156-0A5C-467B-8DCC-A8A50BFD529C}.Release|Any CPU.Build.0 = Release|Any CPU
		{D3D90156-0A5C-467B-8DCC-A8A50BFD529C}.Release|x64.ActiveCfg = Release|Any CPU
		{D3D90156-0A5C-467B-8DCC-A8A50BFD529C}.Release|x64.Build.0 = Release|Any CPU
		{D3D90156-0A5C-467B-8DCC-A8A50BFD529C}.Release|x86.ActiveCfg = Release|Any CPU
		{D3D90156-0A5C-467B-8DCC-A8A50BFD529C}.Release|x86.Build.0 = Release|Any CPU
		{3B8C7889-A2BE-496D-802E-1EA3451B325C}.Debug|Any CPU.ActiveCfg = Debug|Any CPU
		{3B8C7889-A2BE-496D-802E-1EA3451B325C}.Debug|Any CPU.Build.0 = Debug|Any CPU
		{3B8C7889-A2BE-496D-802E-1EA3451B325C}.Debug|x64.ActiveCfg = Debug|Any CPU
		{3B8C7889-A2BE-496D-802E-1EA3451B325C}.Debug|x64.Build.0 = Debug|Any CPU
		{3B8C7889-A2BE-496D-802E-1EA3451B325C}.Debug|x86.ActiveCfg = Debug|Any CPU
		{3B8C7889-A2BE-496D-802E-1EA3451B325C}.Debug|x86.Build.0 = Debug|Any CPU
		{3B8C7889-A2BE-496D-802E-1EA3451B325C}.Release|Any CPU.ActiveCfg = Release|Any CPU
		{3B8C7889-A2BE-496D-802E-1EA3451B325C}.Release|Any CPU.Build.0 = Release|Any CPU
		{3B8C7889-A2BE-496D-802E-1EA3451B325C}.Release|x64.ActiveCfg = Release|Any CPU
		{3B8C7889-A2BE-496D-802E-1EA3451B325C}.Release|x64.Build.0 = Release|Any CPU
		{3B8C7889-A2BE-496D-802E-1EA3451B325C}.Release|x86.ActiveCfg = Release|Any CPU
		{3B8C7889-A2BE-496D-802E-1EA3451B325C}.Release|x86.Build.0 = Release|Any CPU
		{18F8E497-F76A-48DF-A7E2-F4FA958F99F7}.Debug|Any CPU.ActiveCfg = Debug|Any CPU
		{18F8E497-F76A-48DF-A7E2-F4FA958F99F7}.Debug|Any CPU.Build.0 = Debug|Any CPU
		{18F8E497-F76A-48DF-A7E2-F4FA958F99F7}.Debug|x64.ActiveCfg = Debug|Any CPU
		{18F8E497-F76A-48DF-A7E2-F4FA958F99F7}.Debug|x64.Build.0 = Debug|Any CPU
		{18F8E497-F76A-48DF-A7E2-F4FA958F99F7}.Debug|x86.ActiveCfg = Debug|Any CPU
		{18F8E497-F76A-48DF-A7E2-F4FA958F99F7}.Debug|x86.Build.0 = Debug|Any CPU
		{18F8E497-F76A-48DF-A7E2-F4FA958F99F7}.Release|Any CPU.ActiveCfg = Release|Any CPU
		{18F8E497-F76A-48DF-A7E2-F4FA958F99F7}.Release|Any CPU.Build.0 = Release|Any CPU
		{18F8E497-F76A-48DF-A7E2-F4FA958F99F7}.Release|x64.ActiveCfg = Release|Any CPU
		{18F8E497-F76A-48DF-A7E2-F4FA958F99F7}.Release|x64.Build.0 = Release|Any CPU
		{18F8E497-F76A-48DF-A7E2-F4FA958F99F7}.Release|x86.ActiveCfg = Release|Any CPU
		{18F8E497-F76A-48DF-A7E2-F4FA958F99F7}.Release|x86.Build.0 = Release|Any CPU
		{03434187-ACFC-497D-A86A-8DBEDA80C21C}.Debug|Any CPU.ActiveCfg = Debug|Any CPU
		{03434187-ACFC-497D-A86A-8DBEDA80C21C}.Debug|Any CPU.Build.0 = Debug|Any CPU
		{03434187-ACFC-497D-A86A-8DBEDA80C21C}.Debug|x64.ActiveCfg = Debug|Any CPU
		{03434187-ACFC-497D-A86A-8DBEDA80C21C}.Debug|x64.Build.0 = Debug|Any CPU
		{03434187-ACFC-497D-A86A-8DBEDA80C21C}.Debug|x86.ActiveCfg = Debug|Any CPU
		{03434187-ACFC-497D-A86A-8DBEDA80C21C}.Debug|x86.Build.0 = Debug|Any CPU
		{03434187-ACFC-497D-A86A-8DBEDA80C21C}.Release|Any CPU.ActiveCfg = Release|Any CPU
		{03434187-ACFC-497D-A86A-8DBEDA80C21C}.Release|Any CPU.Build.0 = Release|Any CPU
		{03434187-ACFC-497D-A86A-8DBEDA80C21C}.Release|x64.ActiveCfg = Release|Any CPU
		{03434187-ACFC-497D-A86A-8DBEDA80C21C}.Release|x64.Build.0 = Release|Any CPU
		{03434187-ACFC-497D-A86A-8DBEDA80C21C}.Release|x86.ActiveCfg = Release|Any CPU
		{03434187-ACFC-497D-A86A-8DBEDA80C21C}.Release|x86.Build.0 = Release|Any CPU
		{3C311891-F34A-45DF-AC6F-1CAF4F3FF33C}.Debug|Any CPU.ActiveCfg = Debug|Any CPU
		{3C311891-F34A-45DF-AC6F-1CAF4F3FF33C}.Debug|Any CPU.Build.0 = Debug|Any CPU
		{3C311891-F34A-45DF-AC6F-1CAF4F3FF33C}.Debug|x64.ActiveCfg = Debug|Any CPU
		{3C311891-F34A-45DF-AC6F-1CAF4F3FF33C}.Debug|x64.Build.0 = Debug|Any CPU
		{3C311891-F34A-45DF-AC6F-1CAF4F3FF33C}.Debug|x86.ActiveCfg = Debug|Any CPU
		{3C311891-F34A-45DF-AC6F-1CAF4F3FF33C}.Debug|x86.Build.0 = Debug|Any CPU
		{3C311891-F34A-45DF-AC6F-1CAF4F3FF33C}.Release|Any CPU.ActiveCfg = Release|Any CPU
		{3C311891-F34A-45DF-AC6F-1CAF4F3FF33C}.Release|Any CPU.Build.0 = Release|Any CPU
		{3C311891-F34A-45DF-AC6F-1CAF4F3FF33C}.Release|x64.ActiveCfg = Release|Any CPU
		{3C311891-F34A-45DF-AC6F-1CAF4F3FF33C}.Release|x64.Build.0 = Release|Any CPU
		{3C311891-F34A-45DF-AC6F-1CAF4F3FF33C}.Release|x86.ActiveCfg = Release|Any CPU
		{3C311891-F34A-45DF-AC6F-1CAF4F3FF33C}.Release|x86.Build.0 = Release|Any CPU
		{73BDCA22-081D-489E-95E7-A02A6778BB7C}.Debug|Any CPU.ActiveCfg = Debug|Any CPU
		{73BDCA22-081D-489E-95E7-A02A6778BB7C}.Debug|Any CPU.Build.0 = Debug|Any CPU
		{73BDCA22-081D-489E-95E7-A02A6778BB7C}.Debug|x64.ActiveCfg = Debug|Any CPU
		{73BDCA22-081D-489E-95E7-A02A6778BB7C}.Debug|x64.Build.0 = Debug|Any CPU
		{73BDCA22-081D-489E-95E7-A02A6778BB7C}.Debug|x86.ActiveCfg = Debug|Any CPU
		{73BDCA22-081D-489E-95E7-A02A6778BB7C}.Debug|x86.Build.0 = Debug|Any CPU
		{73BDCA22-081D-489E-95E7-A02A6778BB7C}.Release|Any CPU.ActiveCfg = Release|Any CPU
		{73BDCA22-081D-489E-95E7-A02A6778BB7C}.Release|Any CPU.Build.0 = Release|Any CPU
		{73BDCA22-081D-489E-95E7-A02A6778BB7C}.Release|x64.ActiveCfg = Release|Any CPU
		{73BDCA22-081D-489E-95E7-A02A6778BB7C}.Release|x64.Build.0 = Release|Any CPU
		{73BDCA22-081D-489E-95E7-A02A6778BB7C}.Release|x86.ActiveCfg = Release|Any CPU
		{73BDCA22-081D-489E-95E7-A02A6778BB7C}.Release|x86.Build.0 = Release|Any CPU
		{5CC90FF4-728C-4C4D-B5A4-A4B27D3DF0C5}.Debug|Any CPU.ActiveCfg = Debug|Any CPU
		{5CC90FF4-728C-4C4D-B5A4-A4B27D3DF0C5}.Debug|Any CPU.Build.0 = Debug|Any CPU
		{5CC90FF4-728C-4C4D-B5A4-A4B27D3DF0C5}.Debug|x64.ActiveCfg = Debug|Any CPU
		{5CC90FF4-728C-4C4D-B5A4-A4B27D3DF0C5}.Debug|x64.Build.0 = Debug|Any CPU
		{5CC90FF4-728C-4C4D-B5A4-A4B27D3DF0C5}.Debug|x86.ActiveCfg = Debug|Any CPU
		{5CC90FF4-728C-4C4D-B5A4-A4B27D3DF0C5}.Debug|x86.Build.0 = Debug|Any CPU
		{5CC90FF4-728C-4C4D-B5A4-A4B27D3DF0C5}.Release|Any CPU.ActiveCfg = Release|Any CPU
		{5CC90FF4-728C-4C4D-B5A4-A4B27D3DF0C5}.Release|Any CPU.Build.0 = Release|Any CPU
		{5CC90FF4-728C-4C4D-B5A4-A4B27D3DF0C5}.Release|x64.ActiveCfg = Release|Any CPU
		{5CC90FF4-728C-4C4D-B5A4-A4B27D3DF0C5}.Release|x64.Build.0 = Release|Any CPU
		{5CC90FF4-728C-4C4D-B5A4-A4B27D3DF0C5}.Release|x86.ActiveCfg = Release|Any CPU
		{5CC90FF4-728C-4C4D-B5A4-A4B27D3DF0C5}.Release|x86.Build.0 = Release|Any CPU
	EndGlobalSection
	GlobalSection(SolutionProperties) = preSolution
		HideSolutionNode = FALSE
	EndGlobalSection
	GlobalSection(ExtensibilityGlobals) = postSolution
		SolutionGuid = {D05914EA-6EDD-408A-9D64-BE2D4F3F9E2E}
	EndGlobalSection
EndGlobal
